// !$*UTF8*$!
{
	archiveVersion = 1;
	classes = {
	};
	objectVersion = 46;
	objects = {

/* Begin PBXBuildFile section */
		DC0210C019AC9619007231D9 /* AppDelegate.swift in Sources */ = {isa = PBXBuildFile; fileRef = DC0210BF19AC9619007231D9 /* AppDelegate.swift */; };
		DC0210C219AC9619007231D9 /* ViewController.swift in Sources */ = {isa = PBXBuildFile; fileRef = DC0210C119AC9619007231D9 /* ViewController.swift */; };
		DC0210C719AC9619007231D9 /* Images.xcassets in Resources */ = {isa = PBXBuildFile; fileRef = DC0210C619AC9619007231D9 /* Images.xcassets */; };
		DC0210D319AC9619007231D9 /* VoiceNoteTests.swift in Sources */ = {isa = PBXBuildFile; fileRef = DC0210D219AC9619007231D9 /* VoiceNoteTests.swift */; };
		DC0210E219AC9670007231D9 /* Colours.m in Sources */ = {isa = PBXBuildFile; fileRef = DC0210DF19AC9670007231D9 /* Colours.m */; };
		DC0210E319AC9670007231D9 /* SVProgressHUD.m in Sources */ = {isa = PBXBuildFile; fileRef = DC0210E119AC9670007231D9 /* SVProgressHUD.m */; };
		DC0210E519AC9723007231D9 /* NoteListCell.swift in Sources */ = {isa = PBXBuildFile; fileRef = DC0210E419AC9723007231D9 /* NoteListCell.swift */; };
		DC0210E719AC9EEB007231D9 /* VNConstants.swift in Sources */ = {isa = PBXBuildFile; fileRef = DC0210E619AC9EEB007231D9 /* VNConstants.swift */; };
		DC42D34619AF1B260017910C /* NoteDetailController.swift in Sources */ = {isa = PBXBuildFile; fileRef = DC42D34519AF1B260017910C /* NoteDetailController.swift */; };
		DC69E13119ACCE7F00EDC6A3 /* VNNote.swift in Sources */ = {isa = PBXBuildFile; fileRef = DC69E13019ACCE7F00EDC6A3 /* VNNote.swift */; };
		DC75790719B1974E00415489 /* iflyMSC.framework in Frameworks */ = {isa = PBXBuildFile; fileRef = DC75790619B1974E00415489 /* iflyMSC.framework */; };
		DC75790919B1976B00415489 /* AVFoundation.framework in Frameworks */ = {isa = PBXBuildFile; fileRef = DC75790819B1976B00415489 /* AVFoundation.framework */; };
		DC75790B19B1977400415489 /* AddressBook.framework in Frameworks */ = {isa = PBXBuildFile; fileRef = DC75790A19B1977400415489 /* AddressBook.framework */; };
		DC75790D19B1978400415489 /* SystemConfiguration.framework in Frameworks */ = {isa = PBXBuildFile; fileRef = DC75790C19B1978400415489 /* SystemConfiguration.framework */; };
		DC75790F19B1979100415489 /* AudioToolbox.framework in Frameworks */ = {isa = PBXBuildFile; fileRef = DC75790E19B1979100415489 /* AudioToolbox.framework */; };
		DC90BBE319AD797C0095714C /* VNNoteManager.swift in Sources */ = {isa = PBXBuildFile; fileRef = DC90BBE219AD797C0095714C /* VNNoteManager.swift */; };
		DC90BBE519ADB4000095714C /* NoteListController.swift in Sources */ = {isa = PBXBuildFile; fileRef = DC90BBE419ADB4000095714C /* NoteListController.swift */; };
		DC90BBEE19ADB8C20095714C /* edit_file@2x.png in Resources */ = {isa = PBXBuildFile; fileRef = DC90BBE619ADB8C20095714C /* edit_file@2x.png */; };
		DC90BBEF19ADB8C20095714C /* edit_image-50@2x.png in Resources */ = {isa = PBXBuildFile; fileRef = DC90BBE719ADB8C20095714C /* edit_image-50@2x.png */; };
		DC90BBF019ADB8C20095714C /* ic_add_tab@2x.png in Resources */ = {isa = PBXBuildFile; fileRef = DC90BBE819ADB8C20095714C /* ic_add_tab@2x.png */; };
		DC90BBF119ADB8C20095714C /* ic_more_white@2x.png in Resources */ = {isa = PBXBuildFile; fileRef = DC90BBE919ADB8C20095714C /* ic_more_white@2x.png */; };
		DC90BBF319ADB8C20095714C /* micro_small@2x.png in Resources */ = {isa = PBXBuildFile; fileRef = DC90BBEB19ADB8C20095714C /* micro_small@2x.png */; };
		DC90BBF419ADB8C20095714C /* micro@2x.png in Resources */ = {isa = PBXBuildFile; fileRef = DC90BBEC19ADB8C20095714C /* micro@2x.png */; };
		DC90BBF519ADB8C20095714C /* save@2x.png in Resources */ = {isa = PBXBuildFile; fileRef = DC90BBED19ADB8C20095714C /* save@2x.png */; };
/* End PBXBuildFile section */

/* Begin PBXContainerItemProxy section */
		DC0210CD19AC9619007231D9 /* PBXContainerItemProxy */ = {
			isa = PBXContainerItemProxy;
			containerPortal = DC0210B219AC9619007231D9 /* Project object */;
			proxyType = 1;
			remoteGlobalIDString = DC0210B919AC9619007231D9;
			remoteInfo = VoiceNote;
		};
/* End PBXContainerItemProxy section */

/* Begin PBXFileReference section */
		DC0210BA19AC9619007231D9 /* VoiceNote.app */ = {isa = PBXFileReference; explicitFileType = wrapper.application; includeInIndex = 0; path = VoiceNote.app; sourceTree = BUILT_PRODUCTS_DIR; };
		DC0210BE19AC9619007231D9 /* Info.plist */ = {isa = PBXFileReference; lastKnownFileType = text.plist.xml; path = Info.plist; sourceTree = "<group>"; };
		DC0210BF19AC9619007231D9 /* AppDelegate.swift */ = {isa = PBXFileReference; lastKnownFileType = sourcecode.swift; path = AppDelegate.swift; sourceTree = "<group>"; };
		DC0210C119AC9619007231D9 /* ViewController.swift */ = {isa = PBXFileReference; lastKnownFileType = sourcecode.swift; path = ViewController.swift; sourceTree = "<group>"; };
		DC0210C619AC9619007231D9 /* Images.xcassets */ = {isa = PBXFileReference; lastKnownFileType = folder.assetcatalog; path = Images.xcassets; sourceTree = "<group>"; };
		DC0210CC19AC9619007231D9 /* VoiceNoteTests.xctest */ = {isa = PBXFileReference; explicitFileType = wrapper.cfbundle; includeInIndex = 0; path = VoiceNoteTests.xctest; sourceTree = BUILT_PRODUCTS_DIR; };
		DC0210D119AC9619007231D9 /* Info.plist */ = {isa = PBXFileReference; lastKnownFileType = text.plist.xml; path = Info.plist; sourceTree = "<group>"; };
		DC0210D219AC9619007231D9 /* VoiceNoteTests.swift */ = {isa = PBXFileReference; lastKnownFileType = sourcecode.swift; path = VoiceNoteTests.swift; sourceTree = "<group>"; };
		DC0210DD19AC966F007231D9 /* VoiceNote-Bridging-Header.h */ = {isa = PBXFileReference; lastKnownFileType = sourcecode.c.h; path = "VoiceNote-Bridging-Header.h"; sourceTree = "<group>"; };
		DC0210DE19AC9670007231D9 /* SVProgressHUD.h */ = {isa = PBXFileReference; fileEncoding = 4; lastKnownFileType = sourcecode.c.h; path = SVProgressHUD.h; sourceTree = "<group>"; };
		DC0210DF19AC9670007231D9 /* Colours.m */ = {isa = PBXFileReference; fileEncoding = 4; lastKnownFileType = sourcecode.c.objc; path = Colours.m; sourceTree = "<group>"; };
		DC0210E019AC9670007231D9 /* Colours.h */ = {isa = PBXFileReference; fileEncoding = 4; lastKnownFileType = sourcecode.c.h; path = Colours.h; sourceTree = "<group>"; };
		DC0210E119AC9670007231D9 /* SVProgressHUD.m */ = {isa = PBXFileReference; fileEncoding = 4; lastKnownFileType = sourcecode.c.objc; path = SVProgressHUD.m; sourceTree = "<group>"; };
		DC0210E419AC9723007231D9 /* NoteListCell.swift */ = {isa = PBXFileReference; fileEncoding = 4; lastKnownFileType = sourcecode.swift; path = NoteListCell.swift; sourceTree = "<group>"; };
		DC0210E619AC9EEB007231D9 /* VNConstants.swift */ = {isa = PBXFileReference; fileEncoding = 4; lastKnownFileType = sourcecode.swift; path = VNConstants.swift; sourceTree = "<group>"; };
		DC42D34519AF1B260017910C /* NoteDetailController.swift */ = {isa = PBXFileReference; fileEncoding = 4; lastKnownFileType = sourcecode.swift; path = NoteDetailController.swift; sourceTree = "<group>"; };
		DC69E13019ACCE7F00EDC6A3 /* VNNote.swift */ = {isa = PBXFileReference; fileEncoding = 4; lastKnownFileType = sourcecode.swift; path = VNNote.swift; sourceTree = "<group>"; };
		DC75790619B1974E00415489 /* iflyMSC.framework */ = {isa = PBXFileReference; lastKnownFileType = wrapper.framework; name = iflyMSC.framework; path = ../../Downloads/iOS_ui_1.077_540052ac/lib/iflyMSC.framework; sourceTree = "<group>"; };
		DC75790819B1976B00415489 /* AVFoundation.framework */ = {isa = PBXFileReference; lastKnownFileType = wrapper.framework; name = AVFoundation.framework; path = System/Library/Frameworks/AVFoundation.framework; sourceTree = SDKROOT; };
		DC75790A19B1977400415489 /* AddressBook.framework */ = {isa = PBXFileReference; lastKnownFileType = wrapper.framework; name = AddressBook.framework; path = System/Library/Frameworks/AddressBook.framework; sourceTree = SDKROOT; };
		DC75790C19B1978400415489 /* SystemConfiguration.framework */ = {isa = PBXFileReference; lastKnownFileType = wrapper.framework; name = SystemConfiguration.framework; path = System/Library/Frameworks/SystemConfiguration.framework; sourceTree = SDKROOT; };
		DC75790E19B1979100415489 /* AudioToolbox.framework */ = {isa = PBXFileReference; lastKnownFileType = wrapper.framework; name = AudioToolbox.framework; path = System/Library/Frameworks/AudioToolbox.framework; sourceTree = SDKROOT; };
		DC90BBE219AD797C0095714C /* VNNoteManager.swift */ = {isa = PBXFileReference; fileEncoding = 4; lastKnownFileType = sourcecode.swift; path = VNNoteManager.swift; sourceTree = "<group>"; };
		DC90BBE419ADB4000095714C /* NoteListController.swift */ = {isa = PBXFileReference; fileEncoding = 4; lastKnownFileType = sourcecode.swift; path = NoteListController.swift; sourceTree = "<group>"; };
		DC90BBE619ADB8C20095714C /* edit_file@2x.png */ = {isa = PBXFileReference; lastKnownFileType = image.png; path = "edit_file@2x.png"; sourceTree = "<group>"; };
		DC90BBE719ADB8C20095714C /* edit_image-50@2x.png */ = {isa = PBXFileReference; lastKnownFileType = image.png; path = "edit_image-50@2x.png"; sourceTree = "<group>"; };
		DC90BBE819ADB8C20095714C /* ic_add_tab@2x.png */ = {isa = PBXFileReference; lastKnownFileType = image.png; path = "ic_add_tab@2x.png"; sourceTree = "<group>"; };
		DC90BBE919ADB8C20095714C /* ic_more_white@2x.png */ = {isa = PBXFileReference; lastKnownFileType = image.png; path = "ic_more_white@2x.png"; sourceTree = "<group>"; };
		DC90BBEB19ADB8C20095714C /* micro_small@2x.png */ = {isa = PBXFileReference; lastKnownFileType = image.png; path = "micro_small@2x.png"; sourceTree = "<group>"; };
		DC90BBEC19ADB8C20095714C /* micro@2x.png */ = {isa = PBXFileReference; lastKnownFileType = image.png; path = "micro@2x.png"; sourceTree = "<group>"; };
		DC90BBED19ADB8C20095714C /* save@2x.png */ = {isa = PBXFileReference; lastKnownFileType = image.png; path = "save@2x.png"; sourceTree = "<group>"; };
		DC91CB0119AEC987004D314A /* TestPlayground.playground */ = {isa = PBXFileReference; lastKnownFileType = file.playground; path = TestPlayground.playground; sourceTree = "<group>"; };
/* End PBXFileReference section */

/* Begin PBXFrameworksBuildPhase section */
		DC0210B719AC9619007231D9 /* Frameworks */ = {
			isa = PBXFrameworksBuildPhase;
			buildActionMask = 2147483647;
			files = (
				DC75790F19B1979100415489 /* AudioToolbox.framework in Frameworks */,
				DC75790D19B1978400415489 /* SystemConfiguration.framework in Frameworks */,
				DC75790B19B1977400415489 /* AddressBook.framework in Frameworks */,
				DC75790919B1976B00415489 /* AVFoundation.framework in Frameworks */,
				DC75790719B1974E00415489 /* iflyMSC.framework in Frameworks */,
			);
			runOnlyForDeploymentPostprocessing = 0;
		};
		DC0210C919AC9619007231D9 /* Frameworks */ = {
			isa = PBXFrameworksBuildPhase;
			buildActionMask = 2147483647;
			files = (
			);
			runOnlyForDeploymentPostprocessing = 0;
		};
/* End PBXFrameworksBuildPhase section */

/* Begin PBXGroup section */
		DC0210B119AC9619007231D9 = {
			isa = PBXGroup;
			children = (
				DC75790E19B1979100415489 /* AudioToolbox.framework */,
				DC75790C19B1978400415489 /* SystemConfiguration.framework */,
				DC75790A19B1977400415489 /* AddressBook.framework */,
				DC75790819B1976B00415489 /* AVFoundation.framework */,
				DC75790619B1974E00415489 /* iflyMSC.framework */,
				DC0210DC19AC9640007231D9 /* lib */,
				DC0210BC19AC9619007231D9 /* VoiceNote */,
				DC0210CF19AC9619007231D9 /* VoiceNoteTests */,
				DC0210BB19AC9619007231D9 /* Products */,
			);
			sourceTree = "<group>";
		};
		DC0210BB19AC9619007231D9 /* Products */ = {
			isa = PBXGroup;
			children = (
				DC0210BA19AC9619007231D9 /* VoiceNote.app */,
				DC0210CC19AC9619007231D9 /* VoiceNoteTests.xctest */,
			);
			name = Products;
			sourceTree = "<group>";
		};
		DC0210BC19AC9619007231D9 /* VoiceNote */ = {
			isa = PBXGroup;
			children = (
				DC0210BF19AC9619007231D9 /* AppDelegate.swift */,
				DC0210C119AC9619007231D9 /* ViewController.swift */,
				DC0210C619AC9619007231D9 /* Images.xcassets */,
				DC0210BD19AC9619007231D9 /* Supporting Files */,
				DC0210E419AC9723007231D9 /* NoteListCell.swift */,
				DC0210E619AC9EEB007231D9 /* VNConstants.swift */,
				DC69E13019ACCE7F00EDC6A3 /* VNNote.swift */,
				DC90BBE219AD797C0095714C /* VNNoteManager.swift */,
				DC90BBE419ADB4000095714C /* NoteListController.swift */,
				DC91CB0119AEC987004D314A /* TestPlayground.playground */,
				DC42D34519AF1B260017910C /* NoteDetailController.swift */,
			);
			path = VoiceNote;
			sourceTree = "<group>";
		};
		DC0210BD19AC9619007231D9 /* Supporting Files */ = {
			isa = PBXGroup;
			children = (
				DC90BBE619ADB8C20095714C /* edit_file@2x.png */,
				DC90BBE719ADB8C20095714C /* edit_image-50@2x.png */,
				DC90BBE819ADB8C20095714C /* ic_add_tab@2x.png */,
				DC90BBE919ADB8C20095714C /* ic_more_white@2x.png */,
				DC90BBEB19ADB8C20095714C /* micro_small@2x.png */,
				DC90BBEC19ADB8C20095714C /* micro@2x.png */,
				DC90BBED19ADB8C20095714C /* save@2x.png */,
				DC0210BE19AC9619007231D9 /* Info.plist */,
			);
			name = "Supporting Files";
			sourceTree = "<group>";
		};
		DC0210CF19AC9619007231D9 /* VoiceNoteTests */ = {
			isa = PBXGroup;
			children = (
				DC0210D219AC9619007231D9 /* VoiceNoteTests.swift */,
				DC0210D019AC9619007231D9 /* Supporting Files */,
			);
			path = VoiceNoteTests;
			sourceTree = "<group>";
		};
		DC0210D019AC9619007231D9 /* Supporting Files */ = {
			isa = PBXGroup;
			children = (
				DC0210D119AC9619007231D9 /* Info.plist */,
			);
			name = "Supporting Files";
			sourceTree = "<group>";
		};
		DC0210DC19AC9640007231D9 /* lib */ = {
			isa = PBXGroup;
			children = (
				DC0210DE19AC9670007231D9 /* SVProgressHUD.h */,
				DC0210DF19AC9670007231D9 /* Colours.m */,
				DC0210E019AC9670007231D9 /* Colours.h */,
				DC0210E119AC9670007231D9 /* SVProgressHUD.m */,
				DC0210DD19AC966F007231D9 /* VoiceNote-Bridging-Header.h */,
			);
			name = lib;
			sourceTree = "<group>";
		};
/* End PBXGroup section */

/* Begin PBXNativeTarget section */
		DC0210B919AC9619007231D9 /* VoiceNote */ = {
			isa = PBXNativeTarget;
			buildConfigurationList = DC0210D619AC9619007231D9 /* Build configuration list for PBXNativeTarget "VoiceNote" */;
			buildPhases = (
				DC0210B619AC9619007231D9 /* Sources */,
				DC0210B719AC9619007231D9 /* Frameworks */,
				DC0210B819AC9619007231D9 /* Resources */,
			);
			buildRules = (
			);
			dependencies = (
			);
			name = VoiceNote;
			productName = VoiceNote;
			productReference = DC0210BA19AC9619007231D9 /* VoiceNote.app */;
			productType = "com.apple.product-type.application";
		};
		DC0210CB19AC9619007231D9 /* VoiceNoteTests */ = {
			isa = PBXNativeTarget;
			buildConfigurationList = DC0210D919AC9619007231D9 /* Build configuration list for PBXNativeTarget "VoiceNoteTests" */;
			buildPhases = (
				DC0210C819AC9619007231D9 /* Sources */,
				DC0210C919AC9619007231D9 /* Frameworks */,
				DC0210CA19AC9619007231D9 /* Resources */,
			);
			buildRules = (
			);
			dependencies = (
				DC0210CE19AC9619007231D9 /* PBXTargetDependency */,
			);
			name = VoiceNoteTests;
			productName = VoiceNoteTests;
			productReference = DC0210CC19AC9619007231D9 /* VoiceNoteTests.xctest */;
			productType = "com.apple.product-type.bundle.unit-test";
		};
/* End PBXNativeTarget section */

/* Begin PBXProject section */
		DC0210B219AC9619007231D9 /* Project object */ = {
			isa = PBXProject;
			attributes = {
				LastUpgradeCheck = 0600;
				ORGANIZATIONNAME = souche;
				TargetAttributes = {
					DC0210B919AC9619007231D9 = {
						CreatedOnToolsVersion = 6.0;
					};
					DC0210CB19AC9619007231D9 = {
						CreatedOnToolsVersion = 6.0;
						TestTargetID = DC0210B919AC9619007231D9;
					};
				};
			};
			buildConfigurationList = DC0210B519AC9619007231D9 /* Build configuration list for PBXProject "VoiceNote" */;
			compatibilityVersion = "Xcode 3.2";
			developmentRegion = English;
			hasScannedForEncodings = 0;
			knownRegions = (
				en,
				Base,
			);
			mainGroup = DC0210B119AC9619007231D9;
			productRefGroup = DC0210BB19AC9619007231D9 /* Products */;
			projectDirPath = "";
			projectRoot = "";
			targets = (
				DC0210B919AC9619007231D9 /* VoiceNote */,
				DC0210CB19AC9619007231D9 /* VoiceNoteTests */,
			);
		};
/* End PBXProject section */

/* Begin PBXResourcesBuildPhase section */
		DC0210B819AC9619007231D9 /* Resources */ = {
			isa = PBXResourcesBuildPhase;
			buildActionMask = 2147483647;
			files = (
				DC90BBF019ADB8C20095714C /* ic_add_tab@2x.png in Resources */,
				DC90BBF519ADB8C20095714C /* save@2x.png in Resources */,
				DC90BBEE19ADB8C20095714C /* edit_file@2x.png in Resources */,
				DC90BBF419ADB8C20095714C /* micro@2x.png in Resources */,
				DC90BBEF19ADB8C20095714C /* edit_image-50@2x.png in Resources */,
				DC90BBF119ADB8C20095714C /* ic_more_white@2x.png in Resources */,
				DC0210C719AC9619007231D9 /* Images.xcassets in Resources */,
				DC90BBF319ADB8C20095714C /* micro_small@2x.png in Resources */,
			);
			runOnlyForDeploymentPostprocessing = 0;
		};
		DC0210CA19AC9619007231D9 /* Resources */ = {
			isa = PBXResourcesBuildPhase;
			buildActionMask = 2147483647;
			files = (
			);
			runOnlyForDeploymentPostprocessing = 0;
		};
/* End PBXResourcesBuildPhase section */

/* Begin PBXSourcesBuildPhase section */
		DC0210B619AC9619007231D9 /* Sources */ = {
			isa = PBXSourcesBuildPhase;
			buildActionMask = 2147483647;
			files = (
				DC42D34619AF1B260017910C /* NoteDetailController.swift in Sources */,
				DC0210C219AC9619007231D9 /* ViewController.swift in Sources */,
				DC0210E519AC9723007231D9 /* NoteListCell.swift in Sources */,
				DC0210E319AC9670007231D9 /* SVProgressHUD.m in Sources */,
				DC90BBE319AD797C0095714C /* VNNoteManager.swift in Sources */,
				DC0210E719AC9EEB007231D9 /* VNConstants.swift in Sources */,
				DC0210E219AC9670007231D9 /* Colours.m in Sources */,
				DC0210C019AC9619007231D9 /* AppDelegate.swift in Sources */,
				DC90BBE519ADB4000095714C /* NoteListController.swift in Sources */,
				DC69E13119ACCE7F00EDC6A3 /* VNNote.swift in Sources */,
			);
			runOnlyForDeploymentPostprocessing = 0;
		};
		DC0210C819AC9619007231D9 /* Sources */ = {
			isa = PBXSourcesBuildPhase;
			buildActionMask = 2147483647;
			files = (
				DC0210D319AC9619007231D9 /* VoiceNoteTests.swift in Sources */,
			);
			runOnlyForDeploymentPostprocessing = 0;
		};
/* End PBXSourcesBuildPhase section */

/* Begin PBXTargetDependency section */
		DC0210CE19AC9619007231D9 /* PBXTargetDependency */ = {
			isa = PBXTargetDependency;
			target = DC0210B919AC9619007231D9 /* VoiceNote */;
			targetProxy = DC0210CD19AC9619007231D9 /* PBXContainerItemProxy */;
		};
/* End PBXTargetDependency section */

/* Begin XCBuildConfiguration section */
		DC0210D419AC9619007231D9 /* Debug */ = {
			isa = XCBuildConfiguration;
			buildSettings = {
				ALWAYS_SEARCH_USER_PATHS = NO;
				CLANG_CXX_LANGUAGE_STANDARD = "gnu++0x";
				CLANG_CXX_LIBRARY = "libc++";
				CLANG_ENABLE_MODULES = YES;
				CLANG_ENABLE_OBJC_ARC = YES;
				CLANG_WARN_BOOL_CONVERSION = YES;
				CLANG_WARN_CONSTANT_CONVERSION = YES;
				CLANG_WARN_DIRECT_OBJC_ISA_USAGE = YES_ERROR;
				CLANG_WARN_EMPTY_BODY = YES;
				CLANG_WARN_ENUM_CONVERSION = YES;
				CLANG_WARN_INT_CONVERSION = YES;
				CLANG_WARN_OBJC_ROOT_CLASS = YES_ERROR;
				CLANG_WARN_UNREACHABLE_CODE = YES;
				CLANG_WARN__DUPLICATE_METHOD_MATCH = YES;
				"CODE_SIGN_IDENTITY[sdk=iphoneos*]" = "iPhone Developer";
				COPY_PHASE_STRIP = NO;
				ENABLE_STRICT_OBJC_MSGSEND = YES;
				GCC_C_LANGUAGE_STANDARD = gnu99;
				GCC_DYNAMIC_NO_PIC = NO;
				GCC_OPTIMIZATION_LEVEL = 0;
				GCC_PREPROCESSOR_DEFINITIONS = (
					"DEBUG=1",
					"$(inherited)",
				);
				GCC_SYMBOLS_PRIVATE_EXTERN = NO;
				GCC_WARN_64_TO_32_BIT_CONVERSION = YES;
				GCC_WARN_ABOUT_RETURN_TYPE = YES_ERROR;
				GCC_WARN_UNDECLARED_SELECTOR = YES;
				GCC_WARN_UNINITIALIZED_AUTOS = YES_AGGRESSIVE;
				GCC_WARN_UNUSED_FUNCTION = YES;
				GCC_WARN_UNUSED_VARIABLE = YES;
				IPHONEOS_DEPLOYMENT_TARGET = 8.0;
				MTL_ENABLE_DEBUG_INFO = YES;
				ONLY_ACTIVE_ARCH = YES;
				SDKROOT = iphoneos;
				SWIFT_OPTIMIZATION_LEVEL = "-Onone";
			};
			name = Debug;
		};
		DC0210D519AC9619007231D9 /* Release */ = {
			isa = XCBuildConfiguration;
			buildSettings = {
				ALWAYS_SEARCH_USER_PATHS = NO;
				CLANG_CXX_LANGUAGE_STANDARD = "gnu++0x";
				CLANG_CXX_LIBRARY = "libc++";
				CLANG_ENABLE_MODULES = YES;
				CLANG_ENABLE_OBJC_ARC = YES;
				CLANG_WARN_BOOL_CONVERSION = YES;
				CLANG_WARN_CONSTANT_CONVERSION = YES;
				CLANG_WARN_DIRECT_OBJC_ISA_USAGE = YES_ERROR;
				CLANG_WARN_EMPTY_BODY = YES;
				CLANG_WARN_ENUM_CONVERSION = YES;
				CLANG_WARN_INT_CONVERSION = YES;
				CLANG_WARN_OBJC_ROOT_CLASS = YES_ERROR;
				CLANG_WARN_UNREACHABLE_CODE = YES;
				CLANG_WARN__DUPLICATE_METHOD_MATCH = YES;
				"CODE_SIGN_IDENTITY[sdk=iphoneos*]" = "iPhone Developer";
				COPY_PHASE_STRIP = YES;
				ENABLE_NS_ASSERTIONS = NO;
				ENABLE_STRICT_OBJC_MSGSEND = YES;
				GCC_C_LANGUAGE_STANDARD = gnu99;
				GCC_WARN_64_TO_32_BIT_CONVERSION = YES;
				GCC_WARN_ABOUT_RETURN_TYPE = YES_ERROR;
				GCC_WARN_UNDECLARED_SELECTOR = YES;
				GCC_WARN_UNINITIALIZED_AUTOS = YES_AGGRESSIVE;
				GCC_WARN_UNUSED_FUNCTION = YES;
				GCC_WARN_UNUSED_VARIABLE = YES;
				IPHONEOS_DEPLOYMENT_TARGET = 8.0;
				MTL_ENABLE_DEBUG_INFO = NO;
				SDKROOT = iphoneos;
				VALIDATE_PRODUCT = YES;
			};
			name = Release;
		};
		DC0210D719AC9619007231D9 /* Debug */ = {
			isa = XCBuildConfiguration;
			buildSettings = {
				ASSETCATALOG_COMPILER_APPICON_NAME = AppIcon;
				ASSETCATALOG_COMPILER_LAUNCHIMAGE_NAME = LaunchImage;
				CLANG_ENABLE_MODULES = YES;
				FRAMEWORK_SEARCH_PATHS = (
					"$(inherited)",
					/Users/zhaoxin/Downloads/iOS_ui_1.077_540052ac/lib,
				);
				INFOPLIST_FILE = VoiceNote/Info.plist;
				LD_RUNPATH_SEARCH_PATHS = "$(inherited) @executable_path/Frameworks";
				PRODUCT_NAME = "$(TARGET_NAME)";
				SWIFT_OBJC_BRIDGING_HEADER = "VoiceNote-Bridging-Header.h";
				SWIFT_OPTIMIZATION_LEVEL = "-Onone";
			};
			name = Debug;
		};
		DC0210D819AC9619007231D9 /* Release */ = {
			isa = XCBuildConfiguration;
			buildSettings = {
				ASSETCATALOG_COMPILER_APPICON_NAME = AppIcon;
				ASSETCATALOG_COMPILER_LAUNCHIMAGE_NAME = LaunchImage;
				CLANG_ENABLE_MODULES = YES;
				FRAMEWORK_SEARCH_PATHS = (
					"$(inherited)",
					/Users/zhaoxin/Downloads/iOS_ui_1.077_540052ac/lib,
				);
				INFOPLIST_FILE = VoiceNote/Info.plist;
				LD_RUNPATH_SEARCH_PATHS = "$(inherited) @executable_path/Frameworks";
				PRODUCT_NAME = "$(TARGET_NAME)";
				SWIFT_OBJC_BRIDGING_HEADER = "VoiceNote-Bridging-Header.h";
			};
			name = Release;
		};
		DC0210DA19AC9619007231D9 /* Debug */ = {
			isa = XCBuildConfiguration;
			buildSettings = {
				BUNDLE_LOADER = "$(TEST_HOST)";
				FRAMEWORK_SEARCH_PATHS = (
					"$(SDKROOT)/Developer/Library/Frameworks",
					"$(inherited)",
				);
				GCC_PREPROCESSOR_DEFINITIONS = (
					"DEBUG=1",
					"$(inherited)",
				);
				INFOPLIST_FILE = VoiceNoteTests/Info.plist;
				LD_RUNPATH_SEARCH_PATHS = "$(inherited) @executable_path/Frameworks @loader_path/Frameworks";
				PRODUCT_NAME = "$(TARGET_NAME)";
				TEST_HOST = "$(BUILT_PRODUCTS_DIR)/VoiceNote.app/VoiceNote";
			};
			name = Debug;
		};
		DC0210DB19AC9619007231D9 /* Release */ = {
			isa = XCBuildConfiguration;
			buildSettings = {
				BUNDLE_LOADER = "$(TEST_HOST)";
				FRAMEWORK_SEARCH_PATHS = (
					"$(SDKROOT)/Developer/Library/Frameworks",
					"$(inherited)",
				);
				INFOPLIST_FILE = VoiceNoteTests/Info.plist;
				LD_RUNPATH_SEARCH_PATHS = "$(inherited) @executable_path/Frameworks @loader_path/Frameworks";
				PRODUCT_NAME = "$(TARGET_NAME)";
				TEST_HOST = "$(BUILT_PRODUCTS_DIR)/VoiceNote.app/VoiceNote";
			};
			name = Release;
		};
/* End XCBuildConfiguration section */

/* Begin XCConfigurationList section */
		DC0210B519AC9619007231D9 /* Build configuration list for PBXProject "VoiceNote" */ = {
			isa = XCConfigurationList;
			buildConfigurations = (
				DC0210D419AC9619007231D9 /* Debug */,
				DC0210D519AC9619007231D9 /* Release */,
			);
			defaultConfigurationIsVisible = 0;
			defaultConfigurationName = Release;
		};
		DC0210D619AC9619007231D9 /* Build configuration list for PBXNativeTarget "VoiceNote" */ = {
			isa = XCConfigurationList;
			buildConfigurations = (
				DC0210D719AC9619007231D9 /* Debug */,
				DC0210D819AC9619007231D9 /* Release */,
			);
			defaultConfigurationIsVisible = 0;
			defaultConfigurationName = Release;
		};
		DC0210D919AC9619007231D9 /* Build configuration list for PBXNativeTarget "VoiceNoteTests" */ = {
			isa = XCConfigurationList;
			buildConfigurations = (
				DC0210DA19AC9619007231D9 /* Debug */,
				DC0210DB19AC9619007231D9 /* Release */,
			);
			defaultConfigurationIsVisible = 0;
			defaultConfigurationName = Release;
		};
/* End XCConfigurationList section */
	};
	rootObject = DC0210B219AC9619007231D9 /* Project object */;
}
